
Microsoft Visual Studio Solution File, Format Version 12.00
# Visual Studio 15
VisualStudioVersion = 15.0.27130.2020
MinimumVisualStudioVersion = 10.0.40219.1
Project("{FAE04EC0-301F-11D3-BF4B-00C04F79EFBC}") = "kirja-kirjailija-luokka", "kirja-kirjailija-luokka\kirja-kirjailija-luokka.csproj", "{CA952205-140D-4405-BA66-7C484A6BE40A}"
EndProject
Global
	GlobalSection(SolutionConfigurationPlatforms) = preSolution
		Debug|Any CPU = Debug|Any CPU
		Release|Any CPU = Release|Any CPU
	EndGlobalSection
	GlobalSection(ProjectConfigurationPlatforms) = postSolution
		{CA952205-140D-4405-BA66-7C484A6BE40A}.Debug|Any CPU.ActiveCfg = Debug|Any CPU
		{CA952205-140D-4405-BA66-7C484A6BE40A}.Debug|Any CPU.Build.0 = Debug|Any CPU
		{CA952205-140D-4405-BA66-7C484A6BE40A}.Release|Any CPU.ActiveCfg = Release|Any CPU
		{CA952205-140D-4405-BA66-7C484A6BE40A}.Release|Any CPU.Build.0 = Release|Any CPU
	EndGlobalSection
	GlobalSection(SolutionProperties) = preSolution
		HideSolutionNode = FALSE
	EndGlobalSection
	GlobalSection(ExtensibilityGlobals) = postSolution
		SolutionGuid = {2D9BBFD0-5A03-4B7E-A976-CCB79E61724E}
	EndGlobalSection
EndGlobal
